
Microsoft Visual Studio Solution File, Format Version 12.00
# Visual Studio Version 17
VisualStudioVersion = 17.3.32929.385
MinimumVisualStudioVersion = 10.0.40219.1
Project("{9A19103F-16F7-4668-BE54-9A1E7A4F7556}") = "MCS.FOI.S3FileConversion", "MCS.FOI.S3FileConversion\MCS.FOI.S3FileConversion.csproj", "{139A2E57-B741-4A43-A6E9-581E89847372}"
EndProject
Project("{9A19103F-16F7-4668-BE54-9A1E7A4F7556}") = "MCS.FOI.CalendarToPDF", "MCS.FOI.CalendarToPDF\MCS.FOI.CalendarToPDF.csproj", "{4DAFD04B-9EA7-474D-BBEE-73C953CFACE6}"
EndProject
Project("{9A19103F-16F7-4668-BE54-9A1E7A4F7556}") = "MCS.FOI.DocToPDF", "MCS.FOI.DocToPDF\MCS.FOI.DocToPDF.csproj", "{829EF135-9C37-4EEA-8F0A-2743B3E9EE21}"
EndProject
Project("{9A19103F-16F7-4668-BE54-9A1E7A4F7556}") = "MCS.FOI.ExcelToPDF", "MCS.FOI.ExcelToPDF\MCS.FOI.ExcelToPDF.csproj", "{45E47546-BAD4-48EA-AFBD-8AB28B6F1E03}"
EndProject
Project("{9A19103F-16F7-4668-BE54-9A1E7A4F7556}") = "MCS.FOI.EMLToPDF", "MCS.FOI.EMLToPDF\MCS.FOI.EMLToPDF.csproj", "{0E986A92-51DA-467F-93AE-FADE03A6EBA2}"
EndProject
Project("{9A19103F-16F7-4668-BE54-9A1E7A4F7556}") = "MCS.FOI.CalendarToPDFUnitTests", "MCS.FOI.CalendarToPDFUnitTests\MCS.FOI.CalendarToPDFUnitTests.csproj", "{E6950CC5-E743-4DB2-AC30-46C280F13936}"
EndProject
Project("{9A19103F-16F7-4668-BE54-9A1E7A4F7556}") = "MCS.FOI.MSGToPDF", "MCS.FOI.MSGToPDF\MCS.FOI.MSGToPDF.csproj", "{79622E94-F7F0-4F6A-B642-AE04BAFB71EC}"
EndProject
Project("{9A19103F-16F7-4668-BE54-9A1E7A4F7556}") = "MCS.FOI.MSGToPDFUnitTests", "MCS.FOI.MSGToPDFUnitTests\MCS.FOI.MSGToPDFUnitTests.csproj", "{0CAD60F8-BAD2-4456-9A50-DF7D7BB144A7}"
EndProject
Project("{9A19103F-16F7-4668-BE54-9A1E7A4F7556}") = "MCS.FOI.DocToPDFUnitTests", "MCS.FOI.DocToPDFUnitTests\MCS.FOI.DocToPDFUnitTests.csproj", "{6C124B53-1B47-4DF1-AF22-CCA29DCA9981}"
EndProject
Project("{9A19103F-16F7-4668-BE54-9A1E7A4F7556}") = "MCS.FOI.ExcelToPDFUnitTests", "MCS.FOI.ExcelToPDFUnitTests\MCS.FOI.ExcelToPDFUnitTests.csproj", "{1C8FEACB-02B5-4ABF-87DC-FE992F128B87}"
EndProject
Global
	GlobalSection(SolutionConfigurationPlatforms) = preSolution
		Debug|Any CPU = Debug|Any CPU
		Release|Any CPU = Release|Any CPU
	EndGlobalSection
	GlobalSection(ProjectConfigurationPlatforms) = postSolution
		{139A2E57-B741-4A43-A6E9-581E89847372}.Debug|Any CPU.ActiveCfg = Debug|Any CPU
		{139A2E57-B741-4A43-A6E9-581E89847372}.Debug|Any CPU.Build.0 = Debug|Any CPU
		{139A2E57-B741-4A43-A6E9-581E89847372}.Release|Any CPU.ActiveCfg = Release|Any CPU
		{139A2E57-B741-4A43-A6E9-581E89847372}.Release|Any CPU.Build.0 = Release|Any CPU
		{4DAFD04B-9EA7-474D-BBEE-73C953CFACE6}.Debug|Any CPU.ActiveCfg = Debug|Any CPU
		{4DAFD04B-9EA7-474D-BBEE-73C953CFACE6}.Debug|Any CPU.Build.0 = Debug|Any CPU
		{4DAFD04B-9EA7-474D-BBEE-73C953CFACE6}.Release|Any CPU.ActiveCfg = Release|Any CPU
		{4DAFD04B-9EA7-474D-BBEE-73C953CFACE6}.Release|Any CPU.Build.0 = Release|Any CPU
		{829EF135-9C37-4EEA-8F0A-2743B3E9EE21}.Debug|Any CPU.ActiveCfg = Debug|Any CPU
		{829EF135-9C37-4EEA-8F0A-2743B3E9EE21}.Debug|Any CPU.Build.0 = Debug|Any CPU
		{829EF135-9C37-4EEA-8F0A-2743B3E9EE21}.Release|Any CPU.ActiveCfg = Release|Any CPU
		{829EF135-9C37-4EEA-8F0A-2743B3E9EE21}.Release|Any CPU.Build.0 = Release|Any CPU
		{45E47546-BAD4-48EA-AFBD-8AB28B6F1E03}.Debug|Any CPU.ActiveCfg = Debug|Any CPU
		{45E47546-BAD4-48EA-AFBD-8AB28B6F1E03}.Debug|Any CPU.Build.0 = Debug|Any CPU
		{45E47546-BAD4-48EA-AFBD-8AB28B6F1E03}.Release|Any CPU.ActiveCfg = Release|Any CPU
		{45E47546-BAD4-48EA-AFBD-8AB28B6F1E03}.Release|Any CPU.Build.0 = Release|Any CPU
		{0E986A92-51DA-467F-93AE-FADE03A6EBA2}.Debug|Any CPU.ActiveCfg = Debug|Any CPU
		{0E986A92-51DA-467F-93AE-FADE03A6EBA2}.Debug|Any CPU.Build.0 = Debug|Any CPU
		{0E986A92-51DA-467F-93AE-FADE03A6EBA2}.Release|Any CPU.ActiveCfg = Release|Any CPU
		{0E986A92-51DA-467F-93AE-FADE03A6EBA2}.Release|Any CPU.Build.0 = Release|Any CPU
		{E6950CC5-E743-4DB2-AC30-46C280F13936}.Debug|Any CPU.ActiveCfg = Debug|Any CPU
		{E6950CC5-E743-4DB2-AC30-46C280F13936}.Debug|Any CPU.Build.0 = Debug|Any CPU
		{E6950CC5-E743-4DB2-AC30-46C280F13936}.Release|Any CPU.ActiveCfg = Release|Any CPU
		{E6950CC5-E743-4DB2-AC30-46C280F13936}.Release|Any CPU.Build.0 = Release|Any CPU
		{79622E94-F7F0-4F6A-B642-AE04BAFB71EC}.Debug|Any CPU.ActiveCfg = Debug|Any CPU
		{79622E94-F7F0-4F6A-B642-AE04BAFB71EC}.Debug|Any CPU.Build.0 = Debug|Any CPU
		{79622E94-F7F0-4F6A-B642-AE04BAFB71EC}.Release|Any CPU.ActiveCfg = Release|Any CPU
		{79622E94-F7F0-4F6A-B642-AE04BAFB71EC}.Release|Any CPU.Build.0 = Release|Any CPU
		{0CAD60F8-BAD2-4456-9A50-DF7D7BB144A7}.Debug|Any CPU.ActiveCfg = Debug|Any CPU
		{0CAD60F8-BAD2-4456-9A50-DF7D7BB144A7}.Debug|Any CPU.Build.0 = Debug|Any CPU
		{0CAD60F8-BAD2-4456-9A50-DF7D7BB144A7}.Release|Any CPU.ActiveCfg = Release|Any CPU
		{0CAD60F8-BAD2-4456-9A50-DF7D7BB144A7}.Release|Any CPU.Build.0 = Release|Any CPU
		{6C124B53-1B47-4DF1-AF22-CCA29DCA9981}.Debug|Any CPU.ActiveCfg = Debug|Any CPU
		{6C124B53-1B47-4DF1-AF22-CCA29DCA9981}.Debug|Any CPU.Build.0 = Debug|Any CPU
		{6C124B53-1B47-4DF1-AF22-CCA29DCA9981}.Release|Any CPU.ActiveCfg = Release|Any CPU
		{6C124B53-1B47-4DF1-AF22-CCA29DCA9981}.Release|Any CPU.Build.0 = Release|Any CPU
		{1C8FEACB-02B5-4ABF-87DC-FE992F128B87}.Debug|Any CPU.ActiveCfg = Debug|Any CPU
		{1C8FEACB-02B5-4ABF-87DC-FE992F128B87}.Debug|Any CPU.Build.0 = Debug|Any CPU
		{1C8FEACB-02B5-4ABF-87DC-FE992F128B87}.Release|Any CPU.ActiveCfg = Release|Any CPU
		{1C8FEACB-02B5-4ABF-87DC-FE992F128B87}.Release|Any CPU.Build.0 = Release|Any CPU
	EndGlobalSection
	GlobalSection(SolutionProperties) = preSolution
		HideSolutionNode = FALSE
	EndGlobalSection
	GlobalSection(ExtensibilityGlobals) = postSolution
		SolutionGuid = {150C8E86-7C65-428C-A547-9DF606A91B7E}
	EndGlobalSection
EndGlobal
