
Microsoft Visual Studio Solution File, Format Version 12.00
# Visual Studio Version 17
VisualStudioVersion = 17.3.32929.385
MinimumVisualStudioVersion = 10.0.40219.1
Project("{9A19103F-16F7-4668-BE54-9A1E7A4F7556}") = "MCS.FOI.S3FileConversion", "MCS.FOI.S3FileConversion\MCS.FOI.S3FileConversion.csproj", "{139A2E57-B741-4A43-A6E9-581E89847372}"
EndProject
Project("{9A19103F-16F7-4668-BE54-9A1E7A4F7556}") = "MCS.FOI.CalendarToPDF", "MCS.FOI.CalendarToPDF\MCS.FOI.CalendarToPDF.csproj", "{4DAFD04B-9EA7-474D-BBEE-73C953CFACE6}"
EndProject
Project("{9A19103F-16F7-4668-BE54-9A1E7A4F7556}") = "MCS.FOI.MSGAttachmentsToPdf", "MCS.FOI.MSGAttachmentsToPdf\MCS.FOI.MSGAttachmentsToPdf.csproj", "{2485FEF5-0BF5-4B2D-9942-7E8D3A52486F}"
EndProject
Project("{9A19103F-16F7-4668-BE54-9A1E7A4F7556}") = "MCS.FOI.DocToPDF", "MCS.FOI.DocToPDF\MCS.FOI.DocToPDF.csproj", "{829EF135-9C37-4EEA-8F0A-2743B3E9EE21}"
EndProject
Project("{9A19103F-16F7-4668-BE54-9A1E7A4F7556}") = "MCS.FOI.ExcelToPDF", "MCS.FOI.ExcelToPDF\MCS.FOI.ExcelToPDF.csproj", "{45E47546-BAD4-48EA-AFBD-8AB28B6F1E03}"
EndProject
Project("{9A19103F-16F7-4668-BE54-9A1E7A4F7556}") = "MCS.FOI.ExcelToPDFUnitTests", "MCS.FOI.ExcelToPDFUnitTests\MCS.FOI.ExcelToPDFUnitTests.csproj", "{1CE0E357-18CA-4682-8642-188384909399}"
EndProject
Project("{FAE04EC0-301F-11D3-BF4B-00C04F79EFBC}") = "MCS.FOI.EMLToPDF", "MCS.FOI.EMLToPDF\MCS.FOI.EMLToPDF.csproj", "{0E986A92-51DA-467F-93AE-FADE03A6EBA2}"
EndProject
Project("{FAE04EC0-301F-11D3-BF4B-00C04F79EFBC}") = "MCS.FOI.CalendarToPDFUnitTests", "MCS.FOI.CalendarToPDFUnitTests\MCS.FOI.CalendarToPDFUnitTests.csproj", "{E6950CC5-E743-4DB2-AC30-46C280F13936}"
EndProject
Global
	GlobalSection(SolutionConfigurationPlatforms) = preSolution
		Debug|Any CPU = Debug|Any CPU
		Release|Any CPU = Release|Any CPU
	EndGlobalSection
	GlobalSection(ProjectConfigurationPlatforms) = postSolution
		{139A2E57-B741-4A43-A6E9-581E89847372}.Debug|Any CPU.ActiveCfg = Debug|Any CPU
		{139A2E57-B741-4A43-A6E9-581E89847372}.Debug|Any CPU.Build.0 = Debug|Any CPU
		{139A2E57-B741-4A43-A6E9-581E89847372}.Release|Any CPU.ActiveCfg = Release|Any CPU
		{139A2E57-B741-4A43-A6E9-581E89847372}.Release|Any CPU.Build.0 = Release|Any CPU
		{4DAFD04B-9EA7-474D-BBEE-73C953CFACE6}.Debug|Any CPU.ActiveCfg = Debug|Any CPU
		{4DAFD04B-9EA7-474D-BBEE-73C953CFACE6}.Debug|Any CPU.Build.0 = Debug|Any CPU
		{4DAFD04B-9EA7-474D-BBEE-73C953CFACE6}.Release|Any CPU.ActiveCfg = Release|Any CPU
		{4DAFD04B-9EA7-474D-BBEE-73C953CFACE6}.Release|Any CPU.Build.0 = Release|Any CPU
		{2485FEF5-0BF5-4B2D-9942-7E8D3A52486F}.Debug|Any CPU.ActiveCfg = Debug|Any CPU
		{2485FEF5-0BF5-4B2D-9942-7E8D3A52486F}.Debug|Any CPU.Build.0 = Debug|Any CPU
		{2485FEF5-0BF5-4B2D-9942-7E8D3A52486F}.Release|Any CPU.ActiveCfg = Release|Any CPU
		{2485FEF5-0BF5-4B2D-9942-7E8D3A52486F}.Release|Any CPU.Build.0 = Release|Any CPU
		{829EF135-9C37-4EEA-8F0A-2743B3E9EE21}.Debug|Any CPU.ActiveCfg = Debug|Any CPU
		{829EF135-9C37-4EEA-8F0A-2743B3E9EE21}.Debug|Any CPU.Build.0 = Debug|Any CPU
		{829EF135-9C37-4EEA-8F0A-2743B3E9EE21}.Release|Any CPU.ActiveCfg = Release|Any CPU
		{829EF135-9C37-4EEA-8F0A-2743B3E9EE21}.Release|Any CPU.Build.0 = Release|Any CPU
		{45E47546-BAD4-48EA-AFBD-8AB28B6F1E03}.Debug|Any CPU.ActiveCfg = Debug|Any CPU
		{45E47546-BAD4-48EA-AFBD-8AB28B6F1E03}.Debug|Any CPU.Build.0 = Debug|Any CPU
		{45E47546-BAD4-48EA-AFBD-8AB28B6F1E03}.Release|Any CPU.ActiveCfg = Release|Any CPU
		{45E47546-BAD4-48EA-AFBD-8AB28B6F1E03}.Release|Any CPU.Build.0 = Release|Any CPU
		{1CE0E357-18CA-4682-8642-188384909399}.Debug|Any CPU.ActiveCfg = Debug|Any CPU
		{1CE0E357-18CA-4682-8642-188384909399}.Debug|Any CPU.Build.0 = Debug|Any CPU
		{1CE0E357-18CA-4682-8642-188384909399}.Release|Any CPU.ActiveCfg = Release|Any CPU
		{1CE0E357-18CA-4682-8642-188384909399}.Release|Any CPU.Build.0 = Release|Any CPU
		{0E986A92-51DA-467F-93AE-FADE03A6EBA2}.Debug|Any CPU.ActiveCfg = Debug|Any CPU
		{0E986A92-51DA-467F-93AE-FADE03A6EBA2}.Debug|Any CPU.Build.0 = Debug|Any CPU
		{0E986A92-51DA-467F-93AE-FADE03A6EBA2}.Release|Any CPU.ActiveCfg = Release|Any CPU
		{0E986A92-51DA-467F-93AE-FADE03A6EBA2}.Release|Any CPU.Build.0 = Release|Any CPU
		{E6950CC5-E743-4DB2-AC30-46C280F13936}.Debug|Any CPU.ActiveCfg = Debug|Any CPU
		{E6950CC5-E743-4DB2-AC30-46C280F13936}.Debug|Any CPU.Build.0 = Debug|Any CPU
		{E6950CC5-E743-4DB2-AC30-46C280F13936}.Release|Any CPU.ActiveCfg = Release|Any CPU
		{E6950CC5-E743-4DB2-AC30-46C280F13936}.Release|Any CPU.Build.0 = Release|Any CPU
	EndGlobalSection
	GlobalSection(SolutionProperties) = preSolution
		HideSolutionNode = FALSE
	EndGlobalSection
	GlobalSection(ExtensibilityGlobals) = postSolution
		SolutionGuid = {150C8E86-7C65-428C-A547-9DF606A91B7E}
	EndGlobalSection
EndGlobal
